
Microsoft Visual Studio Solution File, Format Version 12.00
# Visual Studio Version 16
VisualStudioVersion = 16.0.31624.102
MinimumVisualStudioVersion = 10.0.40219.1
Project("{888888A0-9F3D-457C-B088-3A5042F75D52}") = "Lab4Python", "Lab4Python\Lab4Python.pyproj", "{53F6391E-5454-4571-BF0B-0E7C8208CD5D}"
EndProject
Global
	GlobalSection(SolutionConfigurationPlatforms) = preSolution
		Debug|Any CPU = Debug|Any CPU
		Release|Any CPU = Release|Any CPU
	EndGlobalSection
	GlobalSection(ProjectConfigurationPlatforms) = postSolution
		{53F6391E-5454-4571-BF0B-0E7C8208CD5D}.Debug|Any CPU.ActiveCfg = Debug|Any CPU
		{53F6391E-5454-4571-BF0B-0E7C8208CD5D}.Release|Any CPU.ActiveCfg = Release|Any CPU
	EndGlobalSection
	GlobalSection(SolutionProperties) = preSolution
		HideSolutionNode = FALSE
	EndGlobalSection
	GlobalSection(ExtensibilityGlobals) = postSolution
		SolutionGuid = {30167F97-0857-4D1B-BB7E-E2E93B1CE587}
	EndGlobalSection
EndGlobal
